// !$*UTF8*$!
{
	archiveVersion = 1;
	classes = {
	};
	objectVersion = 77;
	objects = {

/* Begin PBXContainerItemProxy section */
		E1D7B21A2F1ECE7900D1FC63 /* PBXContainerItemProxy */ = {
			isa = PBXContainerItemProxy;
			containerPortal = E1D7B2022F1ECE7800D1FC63 /* Project object */;
			proxyType = 1;
			remoteGlobalIDString = E1D7B2092F1ECE7800D1FC63;
			remoteInfo = ipd;
		};
		E1D7B2242F1ECE7900D1FC63 /* PBXContainerItemProxy */ = {
			isa = PBXContainerItemProxy;
			containerPortal = E1D7B2022F1ECE7800D1FC63 /* Project object */;
			proxyType = 1;
			remoteGlobalIDString = E1D7B2092F1ECE7800D1FC63;
			remoteInfo = ipd;
		};
/* End PBXContainerItemProxy section */

/* Begin PBXFileReference section */
		E1D7B20A2F1ECE7800D1FC63 /* ipd.app */ = {isa = PBXFileReference; explicitFileType = wrapper.application; includeInIndex = 0; path = ipd.app; sourceTree = BUILT_PRODUCTS_DIR; };
		E1D7B2192F1ECE7900D1FC63 /* ipdTests.xctest */ = {isa = PBXFileReference; explicitFileType = wrapper.cfbundle; includeInIndex = 0; path = ipdTests.xctest; sourceTree = BUILT_PRODUCTS_DIR; };
		E1D7B2232F1ECE7900D1FC63 /* ipdUITests.xctest */ = {isa = PBXFileReference; explicitFileType = wrapper.cfbundle; includeInIndex = 0; path = ipdUITests.xctest; sourceTree = BUILT_PRODUCTS_DIR; };
/* End PBXFileReference section */

/* Begin PBXFileSystemSynchronizedRootGroup section */
		E1D7B20C2F1ECE7800D1FC63 /* ipd */ = {
			isa = PBXFileSystemSynchronizedRootGroup;
			path = ipd;
			sourceTree = "<group>";
		};
		E1D7B21C2F1ECE7900D1FC63 /* ipdTests */ = {
			isa = PBXFileSystemSynchronizedRootGroup;
			path = ipdTests;
			sourceTree = "<group>";
		};
		E1D7B2262F1ECE7900D1FC63 /* ipdUITests */ = {
			isa = PBXFileSystemSynchronizedRootGroup;
			path = ipdUITests;
			sourceTree = "<group>";
		};
/* End PBXFileSystemSynchronizedRootGroup section */

/* Begin PBXFrameworksBuildPhase section */
		E1D7B2072F1ECE7800D1FC63 /* Frameworks */ = {
			isa = PBXFrameworksBuildPhase;
			buildActionMask = 2147483647;
			files = (
			);
			runOnlyForDeploymentPostprocessing = 0;
		};
		E1D7B2162F1ECE7900D1FC63 /* Frameworks */ = {
			isa = PBXFrameworksBuildPhase;
			buildActionMask = 2147483647;
			files = (
			);
			runOnlyForDeploymentPostprocessing = 0;
		};
		E1D7B2202F1ECE7900D1FC63 /* Frameworks */ = {
			isa = PBXFrameworksBuildPhase;
			buildActionMask = 2147483647;
			files = (
			);
			runOnlyForDeploymentPostprocessing = 0;
		};
/* End PBXFrameworksBuildPhase section */

/* Begin PBXGroup section */
		E1D7B2012F1ECE7800D1FC63 = {
			isa = PBXGroup;
			children = (
				E1D7B20C2F1ECE7800D1FC63 /* ipd */,
				E1D7B21C2F1ECE7900D1FC63 /* ipdTests */,
				E1D7B2262F1ECE7900D1FC63 /* ipdUITests */,
				E1D7B20B2F1ECE7800D1FC63 /* Products */,
			);
			sourceTree = "<group>";
		};
		E1D7B20B2F1ECE7800D1FC63 /* Products */ = {
			isa = PBXGroup;
			children = (
				E1D7B20A2F1ECE7800D1FC63 /* ipd.app */,
				E1D7B2192F1ECE7900D1FC63 /* ipdTests.xctest */,
				E1D7B2232F1ECE7900D1FC63 /* ipdUITests.xctest */,
			);
			name = Products;
			sourceTree = "<group>";
		};
/* End PBXGroup section */

/* Begin PBXNativeTarget section */
		E1D7B2092F1ECE7800D1FC63 /* ipd */ = {
			isa = PBXNativeTarget;
			buildConfigurationList = E1D7B22D2F1ECE7900D1FC63 /* Build configuration list for PBXNativeTarget "ipd" */;
			buildPhases = (
				E1D7B2062F1ECE7800D1FC63 /* Sources */,
				E1D7B2072F1ECE7800D1FC63 /* Frameworks */,
				E1D7B2082F1ECE7800D1FC63 /* Resources */,
			);
			buildRules = (
			);
			dependencies = (
			);
			fileSystemSynchronizedGroups = (
				E1D7B20C2F1ECE7800D1FC63 /* ipd */,
			);
			name = ipd;
			packageProductDependencies = (
			);
			productName = ipd;
			productReference = E1D7B20A2F1ECE7800D1FC63 /* ipd.app */;
			productType = "com.apple.product-type.application";
		};
		E1D7B2182F1ECE7900D1FC63 /* ipdTests */ = {
			isa = PBXNativeTarget;
			buildConfigurationList = E1D7B2302F1ECE7900D1FC63 /* Build configuration list for PBXNativeTarget "ipdTests" */;
			buildPhases = (
				E1D7B2152F1ECE7900D1FC63 /* Sources */,
				E1D7B2162F1ECE7900D1FC63 /* Frameworks */,
				E1D7B2172F1ECE7900D1FC63 /* Resources */,
			);
			buildRules = (
			);
			dependencies = (
				E1D7B21B2F1ECE7900D1FC63 /* PBXTargetDependency */,
			);
			fileSystemSynchronizedGroups = (
				E1D7B21C2F1ECE7900D1FC63 /* ipdTests */,
			);
			name = ipdTests;
			packageProductDependencies = (
			);
			productName = ipdTests;
			productReference = E1D7B2192F1ECE7900D1FC63 /* ipdTests.xctest */;
			productType = "com.apple.product-type.bundle.unit-test";
		};
		E1D7B2222F1ECE7900D1FC63 /* ipdUITests */ = {
			isa = PBXNativeTarget;
			buildConfigurationList = E1D7B2332F1ECE7900D1FC63 /* Build configuration list for PBXNativeTarget "ipdUITests" */;
			buildPhases = (
				E1D7B21F2F1ECE7900D1FC63 /* Sources */,
				E1D7B2202F1ECE7900D1FC63 /* Frameworks */,
				E1D7B2212F1ECE7900D1FC63 /* Resources */,
			);
			buildRules = (
			);
			dependencies = (
				E1D7B2252F1ECE7900D1FC63 /* PBXTargetDependency */,
			);
			fileSystemSynchronizedGroups = (
				E1D7B2262F1ECE7900D1FC63 /* ipdUITests */,
			);
			name = ipdUITests;
			packageProductDependencies = (
			);
			productName = ipdUITests;
			productReference = E1D7B2232F1ECE7900D1FC63 /* ipdUITests.xctest */;
			productType = "com.apple.product-type.bundle.ui-testing";
		};
/* End PBXNativeTarget section */

/* Begin PBXProject section */
		E1D7B2022F1ECE7800D1FC63 /* Project object */ = {
			isa = PBXProject;
			attributes = {
				BuildIndependentTargetsInParallel = 1;
				LastSwiftUpdateCheck = 2620;
				LastUpgradeCheck = 2620;
				TargetAttributes = {
					E1D7B2092F1ECE7800D1FC63 = {
						CreatedOnToolsVersion = 26.2;
					};
					E1D7B2182F1ECE7900D1FC63 = {
						CreatedOnToolsVersion = 26.2;
						TestTargetID = E1D7B2092F1ECE7800D1FC63;
					};
					E1D7B2222F1ECE7900D1FC63 = {
						CreatedOnToolsVersion = 26.2;
						TestTargetID = E1D7B2092F1ECE7800D1FC63;
					};
				};
			};
			buildConfigurationList = E1D7B2052F1ECE7800D1FC63 /* Build configuration list for PBXProject "ipd" */;
			developmentRegion = en;
			hasScannedForEncodings = 0;
			knownRegions = (
				en,
				Base,
			);
			mainGroup = E1D7B2012F1ECE7800D1FC63;
			minimizedProjectReferenceProxies = 1;
			preferredProjectObjectVersion = 77;
			productRefGroup = E1D7B20B2F1ECE7800D1FC63 /* Products */;
			projectDirPath = "";
			projectRoot = "";
			targets = (
				E1D7B2092F1ECE7800D1FC63 /* ipd */,
				E1D7B2182F1ECE7900D1FC63 /* ipdTests */,
				E1D7B2222F1ECE7900D1FC63 /* ipdUITests */,
			);
		};
/* End PBXProject section */

/* Begin PBXResourcesBuildPhase section */
		E1D7B2082F1ECE7800D1FC63 /* Resources */ = {
			isa = PBXResourcesBuildPhase;
			buildActionMask = 2147483647;
			files = (
			);
			runOnlyForDeploymentPostprocessing = 0;
		};
		E1D7B2172F1ECE7900D1FC63 /* Resources */ = {
			isa = PBXResourcesBuildPhase;
			buildActionMask = 2147483647;
			files = (
			);
			runOnlyForDeploymentPostprocessing = 0;
		};
		E1D7B2212F1ECE7900D1FC63 /* Resources */ = {
			isa = PBXResourcesBuildPhase;
			buildActionMask = 2147483647;
			files = (
			);
			runOnlyForDeploymentPostprocessing = 0;
		};
/* End PBXResourcesBuildPhase section */

/* Begin PBXSourcesBuildPhase section */
		E1D7B2062F1ECE7800D1FC63 /* Sources */ = {
			isa = PBXSourcesBuildPhase;
			buildActionMask = 2147483647;
			files = (
			);
			runOnlyForDeploymentPostprocessing = 0;
		};
		E1D7B2152F1ECE7900D1FC63 /* Sources */ = {
			isa = PBXSourcesBuildPhase;
			buildActionMask = 2147483647;
			files = (
			);
			runOnlyForDeploymentPostprocessing = 0;
		};
		E1D7B21F2F1ECE7900D1FC63 /* Sources */ = {
			isa = PBXSourcesBuildPhase;
			buildActionMask = 2147483647;
			files = (
			);
			runOnlyForDeploymentPostprocessing = 0;
		};
/* End PBXSourcesBuildPhase section */

/* Begin PBXTargetDependency section */
		E1D7B21B2F1ECE7900D1FC63 /* PBXTargetDependency */ = {
			isa = PBXTargetDependency;
			target = E1D7B2092F1ECE7800D1FC63 /* ipd */;
			targetProxy = E1D7B21A2F1ECE7900D1FC63 /* PBXContainerItemProxy */;
		};
		E1D7B2252F1ECE7900D1FC63 /* PBXTargetDependency */ = {
			isa = PBXTargetDependency;
			target = E1D7B2092F1ECE7800D1FC63 /* ipd */;
			targetProxy = E1D7B2242F1ECE7900D1FC63 /* PBXContainerItemProxy */;
		};
/* End PBXTargetDependency section */

/* Begin XCBuildConfiguration section */
		E1D7B22B2F1ECE7900D1FC63 /* Debug */ = {
			isa = XCBuildConfiguration;
			buildSettings = {
				ALWAYS_SEARCH_USER_PATHS = NO;
				ASSETCATALOG_COMPILER_GENERATE_SWIFT_ASSET_SYMBOL_EXTENSIONS = YES;
				CLANG_ANALYZER_NONNULL = YES;
				CLANG_ANALYZER_NUMBER_OBJECT_CONVERSION = YES_AGGRESSIVE;
				CLANG_CXX_LANGUAGE_STANDARD = "gnu++20";
				CLANG_ENABLE_MODULES = YES;
				CLANG_ENABLE_OBJC_ARC = YES;
				CLANG_ENABLE_OBJC_WEAK = YES;
				CLANG_WARN_BLOCK_CAPTURE_AUTORELEASING = YES;
				CLANG_WARN_BOOL_CONVERSION = YES;
				CLANG_WARN_COMMA = YES;
				CLANG_WARN_CONSTANT_CONVERSION = YES;
				CLANG_WARN_DEPRECATED_OBJC_IMPLEMENTATIONS = YES;
				CLANG_WARN_DIRECT_OBJC_ISA_USAGE = YES_ERROR;
				CLANG_WARN_DOCUMENTATION_COMMENTS = YES;
				CLANG_WARN_EMPTY_BODY = YES;
				CLANG_WARN_ENUM_CONVERSION = YES;
				CLANG_WARN_INFINITE_RECURSION = YES;
				CLANG_WARN_INT_CONVERSION = YES;
				CLANG_WARN_NON_LITERAL_NULL_CONVERSION = YES;
				CLANG_WARN_OBJC_IMPLICIT_RETAIN_SELF = YES;
				CLANG_WARN_OBJC_LITERAL_CONVERSION = YES;
				CLANG_WARN_OBJC_ROOT_CLASS = YES_ERROR;
				CLANG_WARN_QUOTED_INCLUDE_IN_FRAMEWORK_HEADER = YES;
				CLANG_WARN_RANGE_LOOP_ANALYSIS = YES;
				CLANG_WARN_STRICT_PROTOTYPES = YES;
				CLANG_WARN_SUSPICIOUS_MOVE = YES;
				CLANG_WARN_UNGUARDED_AVAILABILITY = YES_AGGRESSIVE;
				CLANG_WARN_UNREACHABLE_CODE = YES;
				CLANG_WARN__DUPLICATE_METHOD_MATCH = YES;
				COPY_PHASE_STRIP = NO;
				DEBUG_INFORMATION_FORMAT = dwarf;
				DEVELOPMENT_TEAM = 9YJ37H3RWT;
				ENABLE_STRICT_OBJC_MSGSEND = YES;
				ENABLE_TESTABILITY = YES;
				ENABLE_USER_SCRIPT_SANDBOXING = YES;
				GCC_C_LANGUAGE_STANDARD = gnu17;
				GCC_DYNAMIC_NO_PIC = NO;
				GCC_NO_COMMON_BLOCKS = YES;
				GCC_OPTIMIZATION_LEVEL = 0;
				GCC_PREPROCESSOR_DEFINITIONS = (
					"DEBUG=1",
					"$(inherited)",
				);
				GCC_WARN_64_TO_32_BIT_CONVERSION = YES;
				GCC_WARN_ABOUT_RETURN_TYPE = YES_ERROR;
				GCC_WARN_UNDECLARED_SELECTOR = YES;
				GCC_WARN_UNINITIALIZED_AUTOS = YES_AGGRESSIVE;
				GCC_WARN_UNUSED_FUNCTION = YES;
				GCC_WARN_UNUSED_VARIABLE = YES;
				LOCALIZATION_PREFERS_STRING_CATALOGS = YES;
				MACOSX_DEPLOYMENT_TARGET = 26.2;
				MTL_ENABLE_DEBUG_INFO = INCLUDE_SOURCE;
				MTL_FAST_MATH = YES;
				ONLY_ACTIVE_ARCH = YES;
				SDKROOT = macosx;
				SWIFT_ACTIVE_COMPILATION_CONDITIONS = "DEBUG $(inherited)";
				SWIFT_OPTIMIZATION_LEVEL = "-Onone";
			};
			name = Debug;
		};
		E1D7B22C2F1ECE7900D1FC63 /* Release */ = {
			isa = XCBuildConfiguration;
			buildSettings = {
				ALWAYS_SEARCH_USER_PATHS = NO;
				ASSETCATALOG_COMPILER_GENERATE_SWIFT_ASSET_SYMBOL_EXTENSIONS = YES;
				CLANG_ANALYZER_NONNULL = YES;
				CLANG_ANALYZER_NUMBER_OBJECT_CONVERSION = YES_AGGRESSIVE;
				CLANG_CXX_LANGUAGE_STANDARD = "gnu++20";
				CLANG_ENABLE_MODULES = YES;
				CLANG_ENABLE_OBJC_ARC = YES;
				CLANG_ENABLE_OBJC_WEAK = YES;
				CLANG_WARN_BLOCK_CAPTURE_AUTORELEASING = YES;
				CLANG_WARN_BOOL_CONVERSION = YES;
				CLANG_WARN_COMMA = YES;
				CLANG_WARN_CONSTANT_CONVERSION = YES;
				CLANG_WARN_DEPRECATED_OBJC_IMPLEMENTATIONS = YES;
				CLANG_WARN_DIRECT_OBJC_ISA_USAGE = YES_ERROR;
				CLANG_WARN_DOCUMENTATION_COMMENTS = YES;
				CLANG_WARN_EMPTY_BODY = YES;
				CLANG_WARN_ENUM_CONVERSION = YES;
				CLANG_WARN_INFINITE_RECURSION = YES;
				CLANG_WARN_INT_CONVERSION = YES;
				CLANG_WARN_NON_LITERAL_NULL_CONVERSION = YES;
				CLANG_WARN_OBJC_IMPLICIT_RETAIN_SELF = YES;
				CLANG_WARN_OBJC_LITERAL_CONVERSION = YES;
				CLANG_WARN_OBJC_ROOT_CLASS = YES_ERROR;
				CLANG_WARN_QUOTED_INCLUDE_IN_FRAMEWORK_HEADER = YES;
				CLANG_WARN_RANGE_LOOP_ANALYSIS = YES;
				CLANG_WARN_STRICT_PROTOTYPES = YES;
				CLANG_WARN_SUSPICIOUS_MOVE = YES;
				CLANG_WARN_UNGUARDED_AVAILABILITY = YES_AGGRESSIVE;
				CLANG_WARN_UNREACHABLE_CODE = YES;
				CLANG_WARN__DUPLICATE_METHOD_MATCH = YES;
				COPY_PHASE_STRIP = NO;
				DEBUG_INFORMATION_FORMAT = "dwarf-with-dsym";
				DEVELOPMENT_TEAM = 9YJ37H3RWT;
				ENABLE_NS_ASSERTIONS = NO;
				ENABLE_STRICT_OBJC_MSGSEND = YES;
				ENABLE_USER_SCRIPT_SANDBOXING = YES;
				GCC_C_LANGUAGE_STANDARD = gnu17;
				GCC_NO_COMMON_BLOCKS = YES;
				GCC_WARN_64_TO_32_BIT_CONVERSION = YES;
				GCC_WARN_ABOUT_RETURN_TYPE = YES_ERROR;
				GCC_WARN_UNDECLARED_SELECTOR = YES;
				GCC_WARN_UNINITIALIZED_AUTOS = YES_AGGRESSIVE;
				GCC_WARN_UNUSED_FUNCTION = YES;
				GCC_WARN_UNUSED_VARIABLE = YES;
				LOCALIZATION_PREFERS_STRING_CATALOGS = YES;
				MACOSX_DEPLOYMENT_TARGET = 26.2;
				MTL_ENABLE_DEBUG_INFO = NO;
				MTL_FAST_MATH = YES;
				SDKROOT = macosx;
				SWIFT_COMPILATION_MODE = wholemodule;
			};
			name = Release;
		};
		E1D7B22E2F1ECE7900D1FC63 /* Debug */ = {
			isa = XCBuildConfiguration;
			buildSettings = {
				ASSETCATALOG_COMPILER_APPICON_NAME = AppIcon;
				ASSETCATALOG_COMPILER_GLOBAL_ACCENT_COLOR_NAME = AccentColor;
				CODE_SIGN_STYLE = Automatic;
				COMBINE_HIDPI_IMAGES = YES;
				CURRENT_PROJECT_VERSION = 1;
				DEVELOPMENT_TEAM = 9YJ37H3RWT;
				ENABLE_APP_SANDBOX = YES;
				ENABLE_HARDENED_RUNTIME = YES;
				ENABLE_PREVIEWS = YES;
				ENABLE_USER_SELECTED_FILES = readonly;
				GENERATE_INFOPLIST_FILE = YES;
				INFOPLIST_KEY_NSHumanReadableCopyright = "";
				LD_RUNPATH_SEARCH_PATHS = (
					"$(inherited)",
					"@executable_path/../Frameworks",
				);
				MARKETING_VERSION = 1.0;
				PRODUCT_BUNDLE_IDENTIFIER = io.resch.ipd;
				PRODUCT_NAME = "$(TARGET_NAME)";
				REGISTER_APP_GROUPS = YES;
				STRING_CATALOG_GENERATE_SYMBOLS = YES;
				SWIFT_APPROACHABLE_CONCURRENCY = YES;
				SWIFT_DEFAULT_ACTOR_ISOLATION = MainActor;
				SWIFT_EMIT_LOC_STRINGS = YES;
				SWIFT_UPCOMING_FEATURE_MEMBER_IMPORT_VISIBILITY = YES;
				SWIFT_VERSION = 5.0;
			};
			name = Debug;
		};
		E1D7B22F2F1ECE7900D1FC63 /* Release */ = {
			isa = XCBuildConfiguration;
			buildSettings = {
				ASSETCATALOG_COMPILER_APPICON_NAME = AppIcon;
				ASSETCATALOG_COMPILER_GLOBAL_ACCENT_COLOR_NAME = AccentColor;
				CODE_SIGN_STYLE = Automatic;
				COMBINE_HIDPI_IMAGES = YES;
				CURRENT_PROJECT_VERSION = 1;
				DEVELOPMENT_TEAM = 9YJ37H3RWT;
				ENABLE_APP_SANDBOX = YES;
				ENABLE_HARDENED_RUNTIME = YES;
				ENABLE_PREVIEWS = YES;
				ENABLE_USER_SELECTED_FILES = readonly;
				GENERATE_INFOPLIST_FILE = YES;
				INFOPLIST_KEY_NSHumanReadableCopyright = "";
				LD_RUNPATH_SEARCH_PATHS = (
					"$(inherited)",
					"@executable_path/../Frameworks",
				);
				MARKETING_VERSION = 1.0;
				PRODUCT_BUNDLE_IDENTIFIER = io.resch.ipd;
				PRODUCT_NAME = "$(TARGET_NAME)";
				REGISTER_APP_GROUPS = YES;
				STRING_CATALOG_GENERATE_SYMBOLS = YES;
				SWIFT_APPROACHABLE_CONCURRENCY = YES;
				SWIFT_DEFAULT_ACTOR_ISOLATION = MainActor;
				SWIFT_EMIT_LOC_STRINGS = YES;
				SWIFT_UPCOMING_FEATURE_MEMBER_IMPORT_VISIBILITY = YES;
				SWIFT_VERSION = 5.0;
			};
			name = Release;
		};
		E1D7B2312F1ECE7900D1FC63 /* Debug */ = {
			isa = XCBuildConfiguration;
			buildSettings = {
				BUNDLE_LOADER = "$(TEST_HOST)";
				CODE_SIGN_STYLE = Automatic;
				CURRENT_PROJECT_VERSION = 1;
				DEVELOPMENT_TEAM = 9YJ37H3RWT;
				GENERATE_INFOPLIST_FILE = YES;
				MACOSX_DEPLOYMENT_TARGET = 26.2;
				MARKETING_VERSION = 1.0;
				PRODUCT_BUNDLE_IDENTIFIER = io.resch.ipdTests;
				PRODUCT_NAME = "$(TARGET_NAME)";
				STRING_CATALOG_GENERATE_SYMBOLS = NO;
				SWIFT_APPROACHABLE_CONCURRENCY = YES;
				SWIFT_EMIT_LOC_STRINGS = NO;
				SWIFT_UPCOMING_FEATURE_MEMBER_IMPORT_VISIBILITY = YES;
				SWIFT_VERSION = 5.0;
				TEST_HOST = "$(BUILT_PRODUCTS_DIR)/ipd.app/$(BUNDLE_EXECUTABLE_FOLDER_PATH)/ipd";
			};
			name = Debug;
		};
		E1D7B2322F1ECE7900D1FC63 /* Release */ = {
			isa = XCBuildConfiguration;
			buildSettings = {
				BUNDLE_LOADER = "$(TEST_HOST)";
				CODE_SIGN_STYLE = Automatic;
				CURRENT_PROJECT_VERSION = 1;
				DEVELOPMENT_TEAM = 9YJ37H3RWT;
				GENERATE_INFOPLIST_FILE = YES;
				MACOSX_DEPLOYMENT_TARGET = 26.2;
				MARKETING_VERSION = 1.0;
				PRODUCT_BUNDLE_IDENTIFIER = io.resch.ipdTests;
				PRODUCT_NAME = "$(TARGET_NAME)";
				STRING_CATALOG_GENERATE_SYMBOLS = NO;
				SWIFT_APPROACHABLE_CONCURRENCY = YES;
				SWIFT_EMIT_LOC_STRINGS = NO;
				SWIFT_UPCOMING_FEATURE_MEMBER_IMPORT_VISIBILITY = YES;
				SWIFT_VERSION = 5.0;
				TEST_HOST = "$(BUILT_PRODUCTS_DIR)/ipd.app/$(BUNDLE_EXECUTABLE_FOLDER_PATH)/ipd";
			};
			name = Release;
		};
		E1D7B2342F1ECE7900D1FC63 /* Debug */ = {
			isa = XCBuildConfiguration;
			buildSettings = {
				CODE_SIGN_STYLE = Automatic;
				CURRENT_PROJECT_VERSION = 1;
				DEVELOPMENT_TEAM = 9YJ37H3RWT;
				GENERATE_INFOPLIST_FILE = YES;
				MARKETING_VERSION = 1.0;
				PRODUCT_BUNDLE_IDENTIFIER = io.resch.ipdUITests;
				PRODUCT_NAME = "$(TARGET_NAME)";
				STRING_CATALOG_GENERATE_SYMBOLS = NO;
				SWIFT_APPROACHABLE_CONCURRENCY = YES;
				SWIFT_EMIT_LOC_STRINGS = NO;
				SWIFT_UPCOMING_FEATURE_MEMBER_IMPORT_VISIBILITY = YES;
				SWIFT_VERSION = 5.0;
				TEST_TARGET_NAME = ipd;
			};
			name = Debug;
		};
		E1D7B2352F1ECE7900D1FC63 /* Release */ = {
			isa = XCBuildConfiguration;
			buildSettings = {
				CODE_SIGN_STYLE = Automatic;
				CURRENT_PROJECT_VERSION = 1;
				DEVELOPMENT_TEAM = 9YJ37H3RWT;
				GENERATE_INFOPLIST_FILE = YES;
				MARKETING_VERSION = 1.0;
				PRODUCT_BUNDLE_IDENTIFIER = io.resch.ipdUITests;
				PRODUCT_NAME = "$(TARGET_NAME)";
				STRING_CATALOG_GENERATE_SYMBOLS = NO;
				SWIFT_APPROACHABLE_CONCURRENCY = YES;
				SWIFT_EMIT_LOC_STRINGS = NO;
				SWIFT_UPCOMING_FEATURE_MEMBER_IMPORT_VISIBILITY = YES;
				SWIFT_VERSION = 5.0;
				TEST_TARGET_NAME = ipd;
			};
			name = Release;
		};
/* End XCBuildConfiguration section */

/* Begin XCConfigurationList section */
		E1D7B2052F1ECE7800D1FC63 /* Build configuration list for PBXProject "ipd" */ = {
			isa = XCConfigurationList;
			buildConfigurations = (
				E1D7B22B2F1ECE7900D1FC63 /* Debug */,
				E1D7B22C2F1ECE7900D1FC63 /* Release */,
			);
			defaultConfigurationIsVisible = 0;
			defaultConfigurationName = Release;
		};
		E1D7B22D2F1ECE7900D1FC63 /* Build configuration list for PBXNativeTarget "ipd" */ = {
			isa = XCConfigurationList;
			buildConfigurations = (
				E1D7B22E2F1ECE7900D1FC63 /* Debug */,
				E1D7B22F2F1ECE7900D1FC63 /* Release */,
			);
			defaultConfigurationIsVisible = 0;
			defaultConfigurationName = Release;
		};
		E1D7B2302F1ECE7900D1FC63 /* Build configuration list for PBXNativeTarget "ipdTests" */ = {
			isa = XCConfigurationList;
			buildConfigurations = (
				E1D7B2312F1ECE7900D1FC63 /* Debug */,
				E1D7B2322F1ECE7900D1FC63 /* Release */,
			);
			defaultConfigurationIsVisible = 0;
			defaultConfigurationName = Release;
		};
		E1D7B2332F1ECE7900D1FC63 /* Build configuration list for PBXNativeTarget "ipdUITests" */ = {
			isa = XCConfigurationList;
			buildConfigurations = (
				E1D7B2342F1ECE7900D1FC63 /* Debug */,
				E1D7B2352F1ECE7900D1FC63 /* Release */,
			);
			defaultConfigurationIsVisible = 0;
			defaultConfigurationName = Release;
		};
/* End XCConfigurationList section */
	};
	rootObject = E1D7B2022F1ECE7800D1FC63 /* Project object */;
}
